
Microsoft Visual Studio Solution File, Format Version 12.00
# Visual Studio Version 17
VisualStudioVersion = 17.2.32526.322
MinimumVisualStudioVersion = 10.0.40219.1
Project("{FAE04EC0-301F-11D3-BF4B-00C04F79EFBC}") = "RPG V2.0", "RPG V2.0\RPG V2.0.csproj", "{4AF5A12B-3477-48E2-9B2B-6222487DC300}"
EndProject
Global
	GlobalSection(SolutionConfigurationPlatforms) = preSolution
		Debug|Any CPU = Debug|Any CPU
		Release|Any CPU = Release|Any CPU
	EndGlobalSection
	GlobalSection(ProjectConfigurationPlatforms) = postSolution
		{4AF5A12B-3477-48E2-9B2B-6222487DC300}.Debug|Any CPU.ActiveCfg = Debug|Any CPU
		{4AF5A12B-3477-48E2-9B2B-6222487DC300}.Debug|Any CPU.Build.0 = Debug|Any CPU
		{4AF5A12B-3477-48E2-9B2B-6222487DC300}.Release|Any CPU.ActiveCfg = Release|Any CPU
		{4AF5A12B-3477-48E2-9B2B-6222487DC300}.Release|Any CPU.Build.0 = Release|Any CPU
	EndGlobalSection
	GlobalSection(SolutionProperties) = preSolution
		HideSolutionNode = FALSE
	EndGlobalSection
	GlobalSection(ExtensibilityGlobals) = postSolution
		SolutionGuid = {970B22AF-FF94-4733-93B2-91ED0628E6AF}
	EndGlobalSection
EndGlobal
