
Microsoft Visual Studio Solution File, Format Version 12.00
# Visual Studio Version 17
VisualStudioVersion = 17.2.32526.322
MinimumVisualStudioVersion = 10.0.40219.1
Project("{FAE04EC0-301F-11D3-BF4B-00C04F79EFBC}") = "Simulation_Voiture", "Simulation_Voiture\Simulation_Voiture.csproj", "{F2A3E58A-9CC4-42FA-A18E-A41218960ED8}"
EndProject
Global
	GlobalSection(SolutionConfigurationPlatforms) = preSolution
		Debug|Any CPU = Debug|Any CPU
		Release|Any CPU = Release|Any CPU
	EndGlobalSection
	GlobalSection(ProjectConfigurationPlatforms) = postSolution
		{F2A3E58A-9CC4-42FA-A18E-A41218960ED8}.Debug|Any CPU.ActiveCfg = Debug|Any CPU
		{F2A3E58A-9CC4-42FA-A18E-A41218960ED8}.Debug|Any CPU.Build.0 = Debug|Any CPU
		{F2A3E58A-9CC4-42FA-A18E-A41218960ED8}.Release|Any CPU.ActiveCfg = Release|Any CPU
		{F2A3E58A-9CC4-42FA-A18E-A41218960ED8}.Release|Any CPU.Build.0 = Release|Any CPU
	EndGlobalSection
	GlobalSection(SolutionProperties) = preSolution
		HideSolutionNode = FALSE
	EndGlobalSection
	GlobalSection(ExtensibilityGlobals) = postSolution
		SolutionGuid = {B06C4865-0474-409C-94B1-0D7F0234B816}
	EndGlobalSection
EndGlobal
